{
  "name": "bastianos-scanner",
  "version": "1.0.1",
  "lockfileVersion": 1,
  "requires": true,
  "dependencies": {
    "babel-polyfill": {
      "version": "6.26.0",
      "resolved": "https://registry.npmjs.org/babel-polyfill/-/babel-polyfill-6.26.0.tgz",
      "integrity": "sha1-N5k3q8Z9eJWXCtxiHyhM2WbPIVM=",
      "requires": {
        "babel-runtime": "6.26.0",
        "core-js": "2.5.5",
        "regenerator-runtime": "0.10.5"
      }
    },
    "babel-runtime": {
      "version": "6.26.0",
      "resolved": "https://registry.npmjs.org/babel-runtime/-/babel-runtime-6.26.0.tgz",
      "integrity": "sha1-llxwWGaOgrVde/4E/yM3vItWR/4=",
      "requires": {
        "core-js": "2.5.5",
        "regenerator-runtime": "0.11.1"
      },
      "dependencies": {
        "regenerator-runtime": {
          "version": "0.11.1",
          "resolved": "https://registry.npmjs.org/regenerator-runtime/-/regenerator-runtime-0.11.1.tgz",
          "integrity": "sha512-MguG95oij0fC3QV3URf4V2SDYGJhJnJGqvIIgdECeODCT98wSWDAJ94SSuVpYQUoTcGUIL6L4yNB7j1DFFHSBg=="
        }
      }
    },
    "core-js": {
      "version": "2.5.5",
      "resolved": "https://registry.npmjs.org/core-js/-/core-js-2.5.5.tgz",
      "integrity": "sha1-sU3ek2xkDAV5prUMq8wTLdYSfjs="
    },
    "es6-promise": {
      "version": "4.2.4",
      "resolved": "https://registry.npmjs.org/es6-promise/-/es6-promise-4.2.4.tgz",
      "integrity": "sha512-/NdNZVJg+uZgtm9eS3O6lrOLYmQag2DjdEXuPaHlZ6RuVqgqaVZfgYCepEIKsLqwdQArOPtC3XzRLqGGfT8KQQ=="
    },
    "events": {
      "version": "2.0.0",
      "resolved": "https://registry.npmjs.org/events/-/events-2.0.0.tgz",
      "integrity": "sha512-r/M5YkNg9zwI8QbSf7tsDWWJvO3PGwZXyG7GpFAxtMASnHL2eblFd7iHiGPtyGKKFPZ59S63NeX10Ws6WqGDcg=="
    },
    "fsm-as-promised": {
      "version": "0.16.0",
      "resolved": "https://registry.npmjs.org/fsm-as-promised/-/fsm-as-promised-0.16.0.tgz",
      "integrity": "sha512-fsakhN34s5no1BjFfQvyAPoZ9Wsmruoyxke0dqr2TnME4tLLSg7bi4kuK2Sd5pEIxWbZUsdDjrj5sxnGgugKTg==",
      "requires": {
        "es6-promise": "4.2.4",
        "lodash": "4.17.10",
        "stampit": "4.1.1",
        "uuid": "3.2.1"
      }
    },
    "lodash": {
      "version": "4.17.10",
      "resolved": "https://registry.npmjs.org/lodash/-/lodash-4.17.10.tgz",
      "integrity": "sha512-UejweD1pDoXu+AD825lWwp4ZGtSwgnpZxb3JDViD7StjQz+Nb/6l093lx4OQ0foGWNRoc19mWy7BzL+UAK2iVg=="
    },
    "regenerator-runtime": {
      "version": "0.10.5",
      "resolved": "https://registry.npmjs.org/regenerator-runtime/-/regenerator-runtime-0.10.5.tgz",
      "integrity": "sha1-M2w+/BIgrc7dosn6tntaeVWjNlg="
    },
    "rtcpeerconnection-shim": {
      "version": "1.2.11",
      "resolved": "https://registry.npmjs.org/rtcpeerconnection-shim/-/rtcpeerconnection-shim-1.2.11.tgz",
      "integrity": "sha512-Vns4aLKXTrLZCjDOlPZL1nymFiSpqs15TeF+wG1TSLO1kXRrCuT5SjL+Zb8RCP7t3JNfnCuTn+qMlCGQu5NvhQ==",
      "requires": {
        "sdp": "2.7.0"
      }
    },
    "sdp": {
      "version": "2.7.0",
      "resolved": "https://registry.npmjs.org/sdp/-/sdp-2.7.0.tgz",
      "integrity": "sha512-H/r89sRrnrJULbMzHLhC/LwQiMHu4GeItj6X3p7a6ADngGDnJXFIu2baTO6sjPBxMG+vtmlkUj7qwMccNzgk1w=="
    },
    "stampit": {
      "version": "4.1.1",
      "resolved": "https://registry.npmjs.org/stampit/-/stampit-4.1.1.tgz",
      "integrity": "sha512-uMrmwOWJncC4/1+/1dIsZgMa5Y8reAoCbEvTdy0Ujk+WLazAwNCAW9AmLpY8n758Iaxg20spzIJSIWiTdE8HYQ=="
    },
    "uuid": {
      "version": "3.2.1",
      "resolved": "https://registry.npmjs.org/uuid/-/uuid-3.2.1.tgz",
      "integrity": "sha512-jZnMwlb9Iku/O3smGWvZhauCf6cvvpKi4BKRiliS3cxnI+Gz9j5MEpTz2UFuXiKPJocb7gnsLHwiS05ige5BEA=="
    },
    "visibilityjs": {
      "version": "1.2.7",
      "resolved": "https://registry.npmjs.org/visibilityjs/-/visibilityjs-1.2.7.tgz",
      "integrity": "sha512-+5bhYUd8JtXVkUiWDSatVMqo+Zw1dnn+5BU6UaifKfy88Q1bfKTi4x2OdW/n0TBGHdK7ol25/p+7qwbsljbWwQ=="
    },
    "webrtc-adapter": {
      "version": "6.1.5",
      "resolved": "https://registry.npmjs.org/webrtc-adapter/-/webrtc-adapter-6.1.5.tgz",
      "integrity": "sha1-33Lkr1y2Z1ZWyJbbDRGHaVNZIgs=",
      "requires": {
        "rtcpeerconnection-shim": "1.2.11",
        "sdp": "2.7.0"
      }
    }
  }
}
